
Microsoft Visual Studio Solution File, Format Version 12.00
# Visual Studio 15
VisualStudioVersion = 15.0.26124.0
MinimumVisualStudioVersion = 15.0.26124.0
Project("{FAE04EC0-301F-11D3-BF4B-00C04F79EFBC}") = "Cliente.Api", "Cliente.Api\Cliente.Api.csproj", "{770D3095-3241-41ED-9DE1-F6A2B2187917}"
EndProject
Project("{FAE04EC0-301F-11D3-BF4B-00C04F79EFBC}") = "Cliente.Lib", "Cliente.Lib\Cliente.Lib.csproj", "{D715A5F1-912A-484D-9B6C-FE9B73166389}"
EndProject
Global
	GlobalSection(SolutionConfigurationPlatforms) = preSolution
		Debug|Any CPU = Debug|Any CPU
		Debug|x64 = Debug|x64
		Debug|x86 = Debug|x86
		Release|Any CPU = Release|Any CPU
		Release|x64 = Release|x64
		Release|x86 = Release|x86
	EndGlobalSection
	GlobalSection(SolutionProperties) = preSolution
		HideSolutionNode = FALSE
	EndGlobalSection
	GlobalSection(ProjectConfigurationPlatforms) = postSolution
		{770D3095-3241-41ED-9DE1-F6A2B2187917}.Debug|Any CPU.ActiveCfg = Debug|Any CPU
		{770D3095-3241-41ED-9DE1-F6A2B2187917}.Debug|Any CPU.Build.0 = Debug|Any CPU
		{770D3095-3241-41ED-9DE1-F6A2B2187917}.Debug|x64.ActiveCfg = Debug|Any CPU
		{770D3095-3241-41ED-9DE1-F6A2B2187917}.Debug|x64.Build.0 = Debug|Any CPU
		{770D3095-3241-41ED-9DE1-F6A2B2187917}.Debug|x86.ActiveCfg = Debug|Any CPU
		{770D3095-3241-41ED-9DE1-F6A2B2187917}.Debug|x86.Build.0 = Debug|Any CPU
		{770D3095-3241-41ED-9DE1-F6A2B2187917}.Release|Any CPU.ActiveCfg = Release|Any CPU
		{770D3095-3241-41ED-9DE1-F6A2B2187917}.Release|Any CPU.Build.0 = Release|Any CPU
		{770D3095-3241-41ED-9DE1-F6A2B2187917}.Release|x64.ActiveCfg = Release|Any CPU
		{770D3095-3241-41ED-9DE1-F6A2B2187917}.Release|x64.Build.0 = Release|Any CPU
		{770D3095-3241-41ED-9DE1-F6A2B2187917}.Release|x86.ActiveCfg = Release|Any CPU
		{770D3095-3241-41ED-9DE1-F6A2B2187917}.Release|x86.Build.0 = Release|Any CPU
		{D715A5F1-912A-484D-9B6C-FE9B73166389}.Debug|Any CPU.ActiveCfg = Debug|Any CPU
		{D715A5F1-912A-484D-9B6C-FE9B73166389}.Debug|Any CPU.Build.0 = Debug|Any CPU
		{D715A5F1-912A-484D-9B6C-FE9B73166389}.Debug|x64.ActiveCfg = Debug|Any CPU
		{D715A5F1-912A-484D-9B6C-FE9B73166389}.Debug|x64.Build.0 = Debug|Any CPU
		{D715A5F1-912A-484D-9B6C-FE9B73166389}.Debug|x86.ActiveCfg = Debug|Any CPU
		{D715A5F1-912A-484D-9B6C-FE9B73166389}.Debug|x86.Build.0 = Debug|Any CPU
		{D715A5F1-912A-484D-9B6C-FE9B73166389}.Release|Any CPU.ActiveCfg = Release|Any CPU
		{D715A5F1-912A-484D-9B6C-FE9B73166389}.Release|Any CPU.Build.0 = Release|Any CPU
		{D715A5F1-912A-484D-9B6C-FE9B73166389}.Release|x64.ActiveCfg = Release|Any CPU
		{D715A5F1-912A-484D-9B6C-FE9B73166389}.Release|x64.Build.0 = Release|Any CPU
		{D715A5F1-912A-484D-9B6C-FE9B73166389}.Release|x86.ActiveCfg = Release|Any CPU
		{D715A5F1-912A-484D-9B6C-FE9B73166389}.Release|x86.Build.0 = Release|Any CPU
	EndGlobalSection
EndGlobal
